langcode: en
status: true
dependencies:
  module:
    - oe_search
    - oe_search_test
  theme:
    - bartik
id: openeuropa_search_block
theme: bartik
region: header
weight: 0
provider: null
plugin: oe_search
settings:
  id: oe_search
  label: 'OpenEuropa Search block'
  provider: oe_search
  label_display: visible
visibility: {  }
